# THIS IS AN AUTOGENERATED FILE. DO NOT EDIT THIS FILE DIRECTLY.
# yarn lockfile v1


"@dprint/darwin-arm64@0.47.5":
  version "0.47.5"
  resolved "https://registry.yarnpkg.com/@dprint/darwin-arm64/-/darwin-arm64-0.47.5.tgz#74b2628d8d52c322fe2b7a00c48fe34ce3ed3f65"
  integrity sha512-aVa3F//dkvEeNA7DCSlVcLxB0CV6zXpfbJZ/xsd+xgbayCXFuFr7qt0M6T4WP3gkQn5D7Zu8/pbXfRXQXo9qlQ==

"@dprint/darwin-x64@0.47.5":
  version "0.47.5"
  resolved "https://registry.yarnpkg.com/@dprint/darwin-x64/-/darwin-x64-0.47.5.tgz#ee6f8e5fc8e5f88e18b7566f00f11638478c089e"
  integrity sha512-84lmSLM/idIQ4UBkBHU1chP0WTldRjzLOEN22/XbdB1JGOIVN1pJIIU0lsmVWXaNI4SvGfty+thhGn73SSlQwA==

"@dprint/linux-arm64-glibc@0.47.5":
  version "0.47.5"
  resolved "https://registry.yarnpkg.com/@dprint/linux-arm64-glibc/-/linux-arm64-glibc-0.47.5.tgz#6171dc88fd12d808e1176b065a05a336703c9fa9"
  integrity sha512-Zk7Ut9Trgl2ssGWx0u3YegnRQFXivKaK1fPEimg/uMwdaLtWFGvNs6DACAJk34d883zmDkTQvllqY1kc78CeBg==

"@dprint/linux-arm64-musl@0.47.5":
  version "0.47.5"
  resolved "https://registry.yarnpkg.com/@dprint/linux-arm64-musl/-/linux-arm64-musl-0.47.5.tgz#17420c69c90dd5f50b840c182b26a396449554b6"
  integrity sha512-KmCu1yX5+/2MbT9n0iAgSK1gc6sQBcDayq8QRO7TRSs+gTDAZ/yQXHkhLdlk5fWsTR1mDQPVRG+2nAjHDhk8EA==

"@dprint/linux-x64-glibc@0.47.5":
  version "0.47.5"
  resolved "https://registry.yarnpkg.com/@dprint/linux-x64-glibc/-/linux-x64-glibc-0.47.5.tgz#92db42f8ae2a50c4f5adda4570eec2015a31bf15"
  integrity sha512-oBwENMikvcM+eT6JdliMIM+TOiV4VuBJGK+AN1sTOW45VeiYvmzGPOQwCxVeFq4MnZkMfrycC/PAY3C7Vcuh6w==

"@dprint/linux-x64-musl@0.47.5":
  version "0.47.5"
  resolved "https://registry.yarnpkg.com/@dprint/linux-x64-musl/-/linux-x64-musl-0.47.5.tgz#a302ba7548ad09481edf10e1f0abdfb261589d4e"
  integrity sha512-B1IGyaP0k25JDhqmR/UpvgyNtnclBoXV7ZNQbvygehBkTeC69afwzpUxjQ2pKj2F9bl1Rby//fhsAFOg60PzsA==

"@dprint/win32-arm64@0.47.5":
  version "0.47.5"
  resolved "https://registry.yarnpkg.com/@dprint/win32-arm64/-/win32-arm64-0.47.5.tgz#5616fe5143a4f632c40e945e71dca1c28cb9953c"
  integrity sha512-tKSPwGWsKc+QAdsx6UQav9AY8WXm+B5Mx23ujliJJMRss6Dnlmg17NjbAnSBSqXSrfqaMeQx6d4gujPpOS3F9A==

"@dprint/win32-x64@0.47.5":
  version "0.47.5"
  resolved "https://registry.yarnpkg.com/@dprint/win32-x64/-/win32-x64-0.47.5.tgz#56f66778e088481f0f3235a1f00ab49b045fdd3b"
  integrity sha512-ljbrGv5rDR00ziBFY6V+qLhtLHm2dsjgiFG9OU7kr3vHEj4eN31nwxU5W2mh0eMoRk7IbcJ5ahTJDLgoYdvfgw==

"@oxlint/darwin-arm64@0.10.3":
  version "0.10.3"
  resolved "https://registry.yarnpkg.com/@oxlint/darwin-arm64/-/darwin-arm64-0.10.3.tgz#4ab8fe00731d1e333d40ea094091debb7b541e62"
  integrity sha512-1zcWSqr9DmhbSrV1SEZRywp81CNq8ZidIcFGB8tGUMnlBNYiHnxyHHh2GIZsr1C2exmkBUGXruM1P8eQ9BWGuQ==

"@oxlint/darwin-x64@0.10.3":
  version "0.10.3"
  resolved "https://registry.yarnpkg.com/@oxlint/darwin-x64/-/darwin-x64-0.10.3.tgz#fa90ecfccfe4adf75e9857d0f29a5751010e409d"
  integrity sha512-lPAXCwYb+wZgjWAMhtPjGn7n1h8HvTulj6XCRyIgUu/aTGDRtnsae9IPXsJ9LJwYu5wyzkcWow0nhlIxkDaZ+w==

"@oxlint/linux-arm64-gnu@0.10.3":
  version "0.10.3"
  resolved "https://registry.yarnpkg.com/@oxlint/linux-arm64-gnu/-/linux-arm64-gnu-0.10.3.tgz#7a5acb67412925cfa2a612ba1304c228e2606609"
  integrity sha512-OmzpNVRwhjuI/RtoG4ROrwxRICTLoBB3ua4/Mh2iC3RelOog2xhlAAJHenKtzgQXNmebWof/0EckFpMfID7fMw==

"@oxlint/linux-arm64-musl@0.10.3":
  version "0.10.3"
  resolved "https://registry.yarnpkg.com/@oxlint/linux-arm64-musl/-/linux-arm64-musl-0.10.3.tgz#153b10e6698e6fd9b73a3a524f24104845a7fb81"
  integrity sha512-QQzlIW6rKOoGZK19gz/kbAbIFROJEV6ER0smcoBA7FzwsQ/ji796qx3TdITelgJwJt5x+OG5ZHztIjyzC871ZQ==

"@oxlint/linux-x64-gnu@0.10.3":
  version "0.10.3"
  resolved "https://registry.yarnpkg.com/@oxlint/linux-x64-gnu/-/linux-x64-gnu-0.10.3.tgz#78a272ab9f26d06b452af2ad224f40886628377a"
  integrity sha512-m4ZUKsQNXxXmHUYBEaO7KN83DPVsLTq8KaRO4qj0Cs1RgD8O3YYCCDewVe8x/9yskQrCCTP4mL0G4IZgDJ3Gpg==

"@oxlint/linux-x64-musl@0.10.3":
  version "0.10.3"
  resolved "https://registry.yarnpkg.com/@oxlint/linux-x64-musl/-/linux-x64-musl-0.10.3.tgz#0b19efe13425364dc1c6735cc7b75850b43a4cf2"
  integrity sha512-XKvAUYxE9bHjvWE4wmOlIdaVQN7pzZAH3Rx1EFg0MfGBVjyDm+uf0P3so+gx2PowqvBnBneL9tth2AS3Bcjl6g==

"@oxlint/win32-arm64@0.10.3":
  version "0.10.3"
  resolved "https://registry.yarnpkg.com/@oxlint/win32-arm64/-/win32-arm64-0.10.3.tgz#8ed9dc0eaaf17c0c3b637b9878255be6b7e584fc"
  integrity sha512-8xhYVvnwrveMHyXAgQAaDjJWFij4mZP6jtMlBIjk6pZSrjUzX+9o7Wh1zgH6kYApmcPDAzomYJLSYvyF5PzluA==

"@oxlint/win32-x64@0.10.3":
  version "0.10.3"
  resolved "https://registry.yarnpkg.com/@oxlint/win32-x64/-/win32-x64-0.10.3.tgz#16993ddeb1e121486d9c34a499275aff96e2c1da"
  integrity sha512-dQiHruLd42aock1WHp5BFvRvaz+Pe436dQkcmlCVmInhmOjRpDEVKPUUWamrImV6S8VM63bn4Jp60vpprjJQdQ==

dprint@^0.47.5:
  version "0.47.5"
  resolved "https://registry.yarnpkg.com/dprint/-/dprint-0.47.5.tgz#6986cb09590e983a11b8a1a2a1f00a2671c6cece"
  integrity sha512-EAP3OLYZXiW66HKMlhu6Gu0o7mzBVTWyMyuAAgT7dBtMX+W+pPJmIwyRUnTRQNyyFO4S7bAaa21rzIgo97Bg9A==
  optionalDependencies:
    "@dprint/darwin-arm64" "0.47.5"
    "@dprint/darwin-x64" "0.47.5"
    "@dprint/linux-arm64-glibc" "0.47.5"
    "@dprint/linux-arm64-musl" "0.47.5"
    "@dprint/linux-x64-glibc" "0.47.5"
    "@dprint/linux-x64-musl" "0.47.5"
    "@dprint/win32-arm64" "0.47.5"
    "@dprint/win32-x64" "0.47.5"

oxlint@^0.10.3:
  version "0.10.3"
  resolved "https://registry.yarnpkg.com/oxlint/-/oxlint-0.10.3.tgz#e3592a879243b33459f56f5e5116ef3c293f85ea"
  integrity sha512-af5u5+s4adyszujeILPDRGwix0o5M1+qR1eqxNSmJhTKVRX7xdrT9s2rpNpMYxQmPyWRhC/+5Gqyb+f/PtbK9A==
  optionalDependencies:
    "@oxlint/darwin-arm64" "0.10.3"
    "@oxlint/darwin-x64" "0.10.3"
    "@oxlint/linux-arm64-gnu" "0.10.3"
    "@oxlint/linux-arm64-musl" "0.10.3"
    "@oxlint/linux-x64-gnu" "0.10.3"
    "@oxlint/linux-x64-musl" "0.10.3"
    "@oxlint/win32-arm64" "0.10.3"
    "@oxlint/win32-x64" "0.10.3"

typescript@^5.6.3:
  version "5.6.3"
  resolved "https://registry.yarnpkg.com/typescript/-/typescript-5.6.3.tgz#5f3449e31c9d94febb17de03cc081dd56d81db5b"
  integrity sha512-hjcS1mhfuyi4WW8IWtjP7brDrG2cuDZukyrYrSauoXGNgx0S7zceP07adYkJycEr56BOUTNPzbInooiN3fn1qw==
