# THIS IS AN AUTOGENERATED FILE. DO NOT EDIT THIS FILE DIRECTLY.
# yarn lockfile v1


"@oxlint/darwin-arm64@0.10.3":
  version "0.10.3"
  resolved "https://registry.yarnpkg.com/@oxlint/darwin-arm64/-/darwin-arm64-0.10.3.tgz#4ab8fe00731d1e333d40ea094091debb7b541e62"
  integrity sha512-1zcWSqr9DmhbSrV1SEZRywp81CNq8ZidIcFGB8tGUMnlBNYiHnxyHHh2GIZsr1C2exmkBUGXruM1P8eQ9BWGuQ==

"@oxlint/darwin-x64@0.10.3":
  version "0.10.3"
  resolved "https://registry.yarnpkg.com/@oxlint/darwin-x64/-/darwin-x64-0.10.3.tgz#fa90ecfccfe4adf75e9857d0f29a5751010e409d"
  integrity sha512-lPAXCwYb+wZgjWAMhtPjGn7n1h8HvTulj6XCRyIgUu/aTGDRtnsae9IPXsJ9LJwYu5wyzkcWow0nhlIxkDaZ+w==

"@oxlint/linux-arm64-gnu@0.10.3":
  version "0.10.3"
  resolved "https://registry.yarnpkg.com/@oxlint/linux-arm64-gnu/-/linux-arm64-gnu-0.10.3.tgz#7a5acb67412925cfa2a612ba1304c228e2606609"
  integrity sha512-OmzpNVRwhjuI/RtoG4ROrwxRICTLoBB3ua4/Mh2iC3RelOog2xhlAAJHenKtzgQXNmebWof/0EckFpMfID7fMw==

"@oxlint/linux-arm64-musl@0.10.3":
  version "0.10.3"
  resolved "https://registry.yarnpkg.com/@oxlint/linux-arm64-musl/-/linux-arm64-musl-0.10.3.tgz#153b10e6698e6fd9b73a3a524f24104845a7fb81"
  integrity sha512-QQzlIW6rKOoGZK19gz/kbAbIFROJEV6ER0smcoBA7FzwsQ/ji796qx3TdITelgJwJt5x+OG5ZHztIjyzC871ZQ==

"@oxlint/linux-x64-gnu@0.10.3":
  version "0.10.3"
  resolved "https://registry.yarnpkg.com/@oxlint/linux-x64-gnu/-/linux-x64-gnu-0.10.3.tgz#78a272ab9f26d06b452af2ad224f40886628377a"
  integrity sha512-m4ZUKsQNXxXmHUYBEaO7KN83DPVsLTq8KaRO4qj0Cs1RgD8O3YYCCDewVe8x/9yskQrCCTP4mL0G4IZgDJ3Gpg==

"@oxlint/linux-x64-musl@0.10.3":
  version "0.10.3"
  resolved "https://registry.yarnpkg.com/@oxlint/linux-x64-musl/-/linux-x64-musl-0.10.3.tgz#0b19efe13425364dc1c6735cc7b75850b43a4cf2"
  integrity sha512-XKvAUYxE9bHjvWE4wmOlIdaVQN7pzZAH3Rx1EFg0MfGBVjyDm+uf0P3so+gx2PowqvBnBneL9tth2AS3Bcjl6g==

"@oxlint/win32-arm64@0.10.3":
  version "0.10.3"
  resolved "https://registry.yarnpkg.com/@oxlint/win32-arm64/-/win32-arm64-0.10.3.tgz#8ed9dc0eaaf17c0c3b637b9878255be6b7e584fc"
  integrity sha512-8xhYVvnwrveMHyXAgQAaDjJWFij4mZP6jtMlBIjk6pZSrjUzX+9o7Wh1zgH6kYApmcPDAzomYJLSYvyF5PzluA==

"@oxlint/win32-x64@0.10.3":
  version "0.10.3"
  resolved "https://registry.yarnpkg.com/@oxlint/win32-x64/-/win32-x64-0.10.3.tgz#16993ddeb1e121486d9c34a499275aff96e2c1da"
  integrity sha512-dQiHruLd42aock1WHp5BFvRvaz+Pe436dQkcmlCVmInhmOjRpDEVKPUUWamrImV6S8VM63bn4Jp60vpprjJQdQ==

oxlint@^0.10.3:
  version "0.10.3"
  resolved "https://registry.yarnpkg.com/oxlint/-/oxlint-0.10.3.tgz#e3592a879243b33459f56f5e5116ef3c293f85ea"
  integrity sha512-af5u5+s4adyszujeILPDRGwix0o5M1+qR1eqxNSmJhTKVRX7xdrT9s2rpNpMYxQmPyWRhC/+5Gqyb+f/PtbK9A==
  optionalDependencies:
    "@oxlint/darwin-arm64" "0.10.3"
    "@oxlint/darwin-x64" "0.10.3"
    "@oxlint/linux-arm64-gnu" "0.10.3"
    "@oxlint/linux-arm64-musl" "0.10.3"
    "@oxlint/linux-x64-gnu" "0.10.3"
    "@oxlint/linux-x64-musl" "0.10.3"
    "@oxlint/win32-arm64" "0.10.3"
    "@oxlint/win32-x64" "0.10.3"

typescript@^5.6.3:
  version "5.6.3"
  resolved "https://registry.yarnpkg.com/typescript/-/typescript-5.6.3.tgz#5f3449e31c9d94febb17de03cc081dd56d81db5b"
  integrity sha512-hjcS1mhfuyi4WW8IWtjP7brDrG2cuDZukyrYrSauoXGNgx0S7zceP07adYkJycEr56BOUTNPzbInooiN3fn1qw==
